// !$*UTF8*$!
{
	archiveVersion = 1;
	classes = {
	};
	objectVersion = 48;
	objects = {

/* Begin PBXBuildFile section */
		AE8F1C0E1FACDB7400F74DEC /* AppDelegate.swift in Sources */ = {isa = PBXBuildFile; fileRef = AE8F1C0D1FACDB7400F74DEC /* AppDelegate.swift */; };
		AE8F1C101FACDB7400F74DEC /* ViewController.swift in Sources */ = {isa = PBXBuildFile; fileRef = AE8F1C0F1FACDB7400F74DEC /* ViewController.swift */; };
		AE8F1C131FACDB7400F74DEC /* Main.storyboard in Resources */ = {isa = PBXBuildFile; fileRef = AE8F1C111FACDB7400F74DEC /* Main.storyboard */; };
		AE8F1C151FACDB7400F74DEC /* Assets.xcassets in Resources */ = {isa = PBXBuildFile; fileRef = AE8F1C141FACDB7400F74DEC /* Assets.xcassets */; };
		AE8F1C181FACDB7400F74DEC /* LaunchScreen.storyboard in Resources */ = {isa = PBXBuildFile; fileRef = AE8F1C161FACDB7400F74DEC /* LaunchScreen.storyboard */; };
/* End PBXBuildFile section */

/* Begin PBXFileReference section */
		AE8F1C0A1FACDB7400F74DEC /* ZipDownload.app */ = {isa = PBXFileReference; explicitFileType = wrapper.application; includeInIndex = 0; path = ZipDownload.app; sourceTree = BUILT_PRODUCTS_DIR; };
		AE8F1C0D1FACDB7400F74DEC /* AppDelegate.swift */ = {isa = PBXFileReference; lastKnownFileType = sourcecode.swift; path = AppDelegate.swift; sourceTree = "<group>"; };
		AE8F1C0F1FACDB7400F74DEC /* ViewController.swift */ = {isa = PBXFileReference; lastKnownFileType = sourcecode.swift; path = ViewController.swift; sourceTree = "<group>"; };
		AE8F1C121FACDB7400F74DEC /* Base */ = {isa = PBXFileReference; lastKnownFileType = file.storyboard; name = Base; path = Base.lproj/Main.storyboard; sourceTree = "<group>"; };
		AE8F1C141FACDB7400F74DEC /* Assets.xcassets */ = {isa = PBXFileReference; lastKnownFileType = folder.assetcatalog; path = Assets.xcassets; sourceTree = "<group>"; };
		AE8F1C171FACDB7400F74DEC /* Base */ = {isa = PBXFileReference; lastKnownFileType = file.storyboard; name = Base; path = Base.lproj/LaunchScreen.storyboard; sourceTree = "<group>"; };
		AE8F1C191FACDB7400F74DEC /* Info.plist */ = {isa = PBXFileReference; lastKnownFileType = text.plist.xml; path = Info.plist; sourceTree = "<group>"; };
/* End PBXFileReference section */

/* Begin PBXFrameworksBuildPhase section */
		AE8F1C071FACDB7400F74DEC /* Frameworks */ = {
			isa = PBXFrameworksBuildPhase;
			buildActionMask = 2147483647;
			files = (
			);
			runOnlyForDeploymentPostprocessing = 0;
		};
/* End PBXFrameworksBuildPhase section */

/* Begin PBXGroup section */
		AE8F1C011FACDB7400F74DEC = {
			isa = PBXGroup;
			children = (
				AE8F1C0C1FACDB7400F74DEC /* ZipDownload */,
				AE8F1C0B1FACDB7400F74DEC /* Products */,
			);
			sourceTree = "<group>";
		};
		AE8F1C0B1FACDB7400F74DEC /* Products */ = {
			isa = PBXGroup;
			children = (
				AE8F1C0A1FACDB7400F74DEC /* ZipDownload.app */,
			);
			name = Products;
			sourceTree = "<group>";
		};
		AE8F1C0C1FACDB7400F74DEC /* ZipDownload */ = {
			isa = PBXGroup;
			children = (
				AE8F1C0D1FACDB7400F74DEC /* AppDelegate.swift */,
				AE8F1C0F1FACDB7400F74DEC /* ViewController.swift */,
				AE8F1C111FACDB7400F74DEC /* Main.storyboard */,
				AE8F1C141FACDB7400F74DEC /* Assets.xcassets */,
				AE8F1C161FACDB7400F74DEC /* LaunchScreen.storyboard */,
				AE8F1C191FACDB7400F74DEC /* Info.plist */,
			);
			path = ZipDownload;
			sourceTree = "<group>";
		};
/* End PBXGroup section */

/* Begin PBXNativeTarget section */
		AE8F1C091FACDB7400F74DEC /* ZipDownload */ = {
			isa = PBXNativeTarget;
			buildConfigurationList = AE8F1C1C1FACDB7400F74DEC /* Build configuration list for PBXNativeTarget "ZipDownload" */;
			buildPhases = (
				AE8F1C061FACDB7400F74DEC /* Sources */,
				AE8F1C071FACDB7400F74DEC /* Frameworks */,
				AE8F1C081FACDB7400F74DEC /* Resources */,
			);
			buildRules = (
			);
			dependencies = (
			);
			name = ZipDownload;
			productName = ZipDownload;
			productReference = AE8F1C0A1FACDB7400F74DEC /* ZipDownload.app */;
			productType = "com.apple.product-type.application";
		};
/* End PBXNativeTarget section */

/* Begin PBXProject section */
		AE8F1C021FACDB7400F74DEC /* Project object */ = {
			isa = PBXProject;
			attributes = {
				LastSwiftUpdateCheck = 0900;
				LastUpgradeCheck = 0900;
				ORGANIZATIONNAME = "Duncan MacDonald";
				TargetAttributes = {
					AE8F1C091FACDB7400F74DEC = {
						CreatedOnToolsVersion = 9.0.1;
						ProvisioningStyle = Automatic;
					};
				};
			};
			buildConfigurationList = AE8F1C051FACDB7400F74DEC /* Build configuration list for PBXProject "ZipDownload" */;
			compatibilityVersion = "Xcode 8.0";
			developmentRegion = en;
			hasScannedForEncodings = 0;
			knownRegions = (
				en,
				Base,
			);
			mainGroup = AE8F1C011FACDB7400F74DEC;
			productRefGroup = AE8F1C0B1FACDB7400F74DEC /* Products */;
			projectDirPath = "";
			projectRoot = "";
			targets = (
				AE8F1C091FACDB7400F74DEC /* ZipDownload */,
			);
		};
/* End PBXProject section */

/* Begin PBXResourcesBuildPhase section */
		AE8F1C081FACDB7400F74DEC /* Resources */ = {
			isa = PBXResourcesBuildPhase;
			buildActionMask = 2147483647;
			files = (
				AE8F1C181FACDB7400F74DEC /* LaunchScreen.storyboard in Resources */,
				AE8F1C151FACDB7400F74DEC /* Assets.xcassets in Resources */,
				AE8F1C131FACDB7400F74DEC /* Main.storyboard in Resources */,
			);
			runOnlyForDeploymentPostprocessing = 0;
		};
/* End PBXResourcesBuildPhase section */

/* Begin PBXSourcesBuildPhase section */
		AE8F1C061FACDB7400F74DEC /* Sources */ = {
			isa = PBXSourcesBuildPhase;
			buildActionMask = 2147483647;
			files = (
				AE8F1C101FACDB7400F74DEC /* ViewController.swift in Sources */,
				AE8F1C0E1FACDB7400F74DEC /* AppDelegate.swift in Sources */,
			);
			runOnlyForDeploymentPostprocessing = 0;
		};
/* End PBXSourcesBuildPhase section */

/* Begin PBXVariantGroup section */
		AE8F1C111FACDB7400F74DEC /* Main.storyboard */ = {
			isa = PBXVariantGroup;
			children = (
				AE8F1C121FACDB7400F74DEC /* Base */,
			);
			name = Main.storyboard;
			sourceTree = "<group>";
		};
		AE8F1C161FACDB7400F74DEC /* LaunchScreen.storyboard */ = {
			isa = PBXVariantGroup;
			children = (
				AE8F1C171FACDB7400F74DEC /* Base */,
			);
			name = LaunchScreen.storyboard;
			sourceTree = "<group>";
		};
/* End PBXVariantGroup section */

/* Begin XCBuildConfiguration section */
		AE8F1C1A1FACDB7400F74DEC /* Debug */ = {
			isa = XCBuildConfiguration;
			buildSettings = {
				ALWAYS_SEARCH_USER_PATHS = NO;
				CLANG_ANALYZER_NONNULL = YES;
				CLANG_ANALYZER_NUMBER_OBJECT_CONVERSION = YES_AGGRESSIVE;
				CLANG_CXX_LANGUAGE_STANDARD = "gnu++14";
				CLANG_CXX_LIBRARY = "libc++";
				CLANG_ENABLE_MODULES = YES;
				CLANG_ENABLE_OBJC_ARC = YES;
				CLANG_WARN_BLOCK_CAPTURE_AUTORELEASING = YES;
				CLANG_WARN_BOOL_CONVERSION = YES;
				CLANG_WARN_COMMA = YES;
				CLANG_WARN_CONSTANT_CONVERSION = YES;
				CLANG_WARN_DIRECT_OBJC_ISA_USAGE = YES_ERROR;
				CLANG_WARN_DOCUMENTATION_COMMENTS = YES;
				CLANG_WARN_EMPTY_BODY = YES;
				CLANG_WARN_ENUM_CONVERSION = YES;
				CLANG_WARN_INFINITE_RECURSION = YES;
				CLANG_WARN_INT_CONVERSION = YES;
				CLANG_WARN_NON_LITERAL_NULL_CONVERSION = YES;
				CLANG_WARN_OBJC_LITERAL_CONVERSION = YES;
				CLANG_WARN_OBJC_ROOT_CLASS = YES_ERROR;
				CLANG_WARN_RANGE_LOOP_ANALYSIS = YES;
				CLANG_WARN_STRICT_PROTOTYPES = YES;
				CLANG_WARN_SUSPICIOUS_MOVE = YES;
				CLANG_WARN_UNGUARDED_AVAILABILITY = YES_AGGRESSIVE;
				CLANG_WARN_UNREACHABLE_CODE = YES;
				CLANG_WARN__DUPLICATE_METHOD_MATCH = YES;
				CODE_SIGN_IDENTITY = "iPhone Developer";
				COPY_PHASE_STRIP = NO;
				DEBUG_INFORMATION_FORMAT = dwarf;
				ENABLE_STRICT_OBJC_MSGSEND = YES;
				ENABLE_TESTABILITY = YES;
				GCC_C_LANGUAGE_STANDARD = gnu11;
				GCC_DYNAMIC_NO_PIC = NO;
				GCC_NO_COMMON_BLOCKS = YES;
				GCC_OPTIMIZATION_LEVEL = 0;
				GCC_PREPROCESSOR_DEFINITIONS = (
					"DEBUG=1",
					"$(inherited)",
				);
				GCC_WARN_64_TO_32_BIT_CONVERSION = YES;
				GCC_WARN_ABOUT_RETURN_TYPE = YES_ERROR;
				GCC_WARN_UNDECLARED_SELECTOR = YES;
				GCC_WARN_UNINITIALIZED_AUTOS = YES_AGGRESSIVE;
				GCC_WARN_UNUSED_FUNCTION = YES;
				GCC_WARN_UNUSED_VARIABLE = YES;
				IPHONEOS_DEPLOYMENT_TARGET = 11.0;
				MTL_ENABLE_DEBUG_INFO = YES;
				ONLY_ACTIVE_ARCH = YES;
				SDKROOT = iphoneos;
				SWIFT_ACTIVE_COMPILATION_CONDITIONS = DEBUG;
				SWIFT_OPTIMIZATION_LEVEL = "-Onone";
			};
			name = Debug;
		};
		AE8F1C1B1FACDB7400F74DEC /* Release */ = {
			isa = XCBuildConfiguration;
			buildSettings = {
				ALWAYS_SEARCH_USER_PATHS = NO;
				CLANG_ANALYZER_NONNULL = YES;
				CLANG_ANALYZER_NUMBER_OBJECT_CONVERSION = YES_AGGRESSIVE;
				CLANG_CXX_LANGUAGE_STANDARD = "gnu++14";
				CLANG_CXX_LIBRARY = "libc++";
				CLANG_ENABLE_MODULES = YES;
				CLANG_ENABLE_OBJC_ARC = YES;
				CLANG_WARN_BLOCK_CAPTURE_AUTORELEASING = YES;
				CLANG_WARN_BOOL_CONVERSION = YES;
				CLANG_WARN_COMMA = YES;
				CLANG_WARN_CONSTANT_CONVERSION = YES;
				CLANG_WARN_DIRECT_OBJC_ISA_USAGE = YES_ERROR;
				CLANG_WARN_DOCUMENTATION_COMMENTS = YES;
				CLANG_WARN_EMPTY_BODY = YES;
				CLANG_WARN_ENUM_CONVERSION = YES;
				CLANG_WARN_INFINITE_RECURSION = YES;
				CLANG_WARN_INT_CONVERSION = YES;
				CLANG_WARN_NON_LITERAL_NULL_CONVERSION = YES;
				CLANG_WARN_OBJC_LITERAL_CONVERSION = YES;
				CLANG_WARN_OBJC_ROOT_CLASS = YES_ERROR;
				CLANG_WARN_RANGE_LOOP_ANALYSIS = YES;
				CLANG_WARN_STRICT_PROTOTYPES = YES;
				CLANG_WARN_SUSPICIOUS_MOVE = YES;
				CLANG_WARN_UNGUARDED_AVAILABILITY = YES_AGGRESSIVE;
				CLANG_WARN_UNREACHABLE_CODE = YES;
				CLANG_WARN__DUPLICATE_METHOD_MATCH = YES;
				CODE_SIGN_IDENTITY = "iPhone Developer";
				COPY_PHASE_STRIP = NO;
				DEBUG_INFORMATION_FORMAT = "dwarf-with-dsym";
				ENABLE_NS_ASSERTIONS = NO;
				ENABLE_STRICT_OBJC_MSGSEND = YES;
				GCC_C_LANGUAGE_STANDARD = gnu11;
				GCC_NO_COMMON_BLOCKS = YES;
				GCC_WARN_64_TO_32_BIT_CONVERSION = YES;
				GCC_WARN_ABOUT_RETURN_TYPE = YES_ERROR;
				GCC_WARN_UNDECLARED_SELECTOR = YES;
				GCC_WARN_UNINITIALIZED_AUTOS = YES_AGGRESSIVE;
				GCC_WARN_UNUSED_FUNCTION = YES;
				GCC_WARN_UNUSED_VARIABLE = YES;
				IPHONEOS_DEPLOYMENT_TARGET = 11.0;
				MTL_ENABLE_DEBUG_INFO = NO;
				SDKROOT = iphoneos;
				SWIFT_OPTIMIZATION_LEVEL = "-Owholemodule";
				VALIDATE_PRODUCT = YES;
			};
			name = Release;
		};
		AE8F1C1D1FACDB7400F74DEC /* Debug */ = {
			isa = XCBuildConfiguration;
			buildSettings = {
				ASSETCATALOG_COMPILER_APPICON_NAME = AppIcon;
				CODE_SIGN_STYLE = Automatic;
				DEVELOPMENT_TEAM = P4PBGN25JV;
				INFOPLIST_FILE = ZipDownload/Info.plist;
				LD_RUNPATH_SEARCH_PATHS = "$(inherited) @executable_path/Frameworks";
				PRODUCT_BUNDLE_IDENTIFIER = us.duncanmacdonald.ZipDownload;
				PRODUCT_NAME = "$(TARGET_NAME)";
				SWIFT_VERSION = 4.0;
				TARGETED_DEVICE_FAMILY = "1,2";
			};
			name = Debug;
		};
		AE8F1C1E1FACDB7400F74DEC /* Release */ = {
			isa = XCBuildConfiguration;
			buildSettings = {
				ASSETCATALOG_COMPILER_APPICON_NAME = AppIcon;
				CODE_SIGN_STYLE = Automatic;
				DEVELOPMENT_TEAM = P4PBGN25JV;
				INFOPLIST_FILE = ZipDownload/Info.plist;
				LD_RUNPATH_SEARCH_PATHS = "$(inherited) @executable_path/Frameworks";
				PRODUCT_BUNDLE_IDENTIFIER = us.duncanmacdonald.ZipDownload;
				PRODUCT_NAME = "$(TARGET_NAME)";
				SWIFT_VERSION = 4.0;
				TARGETED_DEVICE_FAMILY = "1,2";
			};
			name = Release;
		};
/* End XCBuildConfiguration section */

/* Begin XCConfigurationList section */
		AE8F1C051FACDB7400F74DEC /* Build configuration list for PBXProject "ZipDownload" */ = {
			isa = XCConfigurationList;
			buildConfigurations = (
				AE8F1C1A1FACDB7400F74DEC /* Debug */,
				AE8F1C1B1FACDB7400F74DEC /* Release */,
			);
			defaultConfigurationIsVisible = 0;
			defaultConfigurationName = Release;
		};
		AE8F1C1C1FACDB7400F74DEC /* Build configuration list for PBXNativeTarget "ZipDownload" */ = {
			isa = XCConfigurationList;
			buildConfigurations = (
				AE8F1C1D1FACDB7400F74DEC /* Debug */,
				AE8F1C1E1FACDB7400F74DEC /* Release */,
			);
			defaultConfigurationIsVisible = 0;
			defaultConfigurationName = Release;
		};
/* End XCConfigurationList section */
	};
	rootObject = AE8F1C021FACDB7400F74DEC /* Project object */;
}
